
Microsoft Visual Studio Solution File, Format Version 12.00
# Visual Studio Version 16
VisualStudioVersion = 16.0.31605.320
MinimumVisualStudioVersion = 10.0.40219.1
Project("{FAE04EC0-301F-11D3-BF4B-00C04F79EFBC}") = "ExercicioRetangulo", "ExercicioRetangulo\ExercicioRetangulo.csproj", "{B61A2845-B86B-4200-ACC9-1204ADC44FB7}"
EndProject
Global
	GlobalSection(SolutionConfigurationPlatforms) = preSolution
		Debug|Any CPU = Debug|Any CPU
		Release|Any CPU = Release|Any CPU
	EndGlobalSection
	GlobalSection(ProjectConfigurationPlatforms) = postSolution
		{B61A2845-B86B-4200-ACC9-1204ADC44FB7}.Debug|Any CPU.ActiveCfg = Debug|Any CPU
		{B61A2845-B86B-4200-ACC9-1204ADC44FB7}.Debug|Any CPU.Build.0 = Debug|Any CPU
		{B61A2845-B86B-4200-ACC9-1204ADC44FB7}.Release|Any CPU.ActiveCfg = Release|Any CPU
		{B61A2845-B86B-4200-ACC9-1204ADC44FB7}.Release|Any CPU.Build.0 = Release|Any CPU
	EndGlobalSection
	GlobalSection(SolutionProperties) = preSolution
		HideSolutionNode = FALSE
	EndGlobalSection
	GlobalSection(ExtensibilityGlobals) = postSolution
		SolutionGuid = {FC218ACD-4017-4EA6-A39E-C3D25BC41528}
	EndGlobalSection
EndGlobal
